
Microsoft Visual Studio Solution File, Format Version 12.00
Project("{2150E333-8FDC-42A3-9474-1A3956D46DE8}") = "src", "src", "{9D6AFB7B-EEAF-4D2B-A638-D61A1AAB5A31}"
EndProject
Project("{FAE04EC0-301F-11D3-BF4B-00C04F79EFBC}") = "AuctionService", "AuctionService\AuctionService.csproj", "{E11EA8F8-9FCD-4A09-92CC-C67898522D50}"
EndProject
Project("{FAE04EC0-301F-11D3-BF4B-00C04F79EFBC}") = "SearchService", "SearchService\SearchService.csproj", "{75D4B2E4-B541-4BF7-995B-FCE2D3BE70B6}"
EndProject
Project("{2150E333-8FDC-42A3-9474-1A3956D46DE8}") = "solution items", "solution items", "{CA26889C-1413-4FDA-A19C-CE2EA3229A57}"
	ProjectSection(SolutionItems) = preProject
		.gitignore = .gitignore
		Directory.Packages.props = Directory.Packages.props
		docker-compose.yml = docker-compose.yml
	EndProjectSection
EndProject
Project("{FAE04EC0-301F-11D3-BF4B-00C04F79EFBC}") = "Contracts", "Contracts\Contracts.csproj", "{06914810-085F-4373-9949-903C2F45C04F}"
EndProject
Project("{FAE04EC0-301F-11D3-BF4B-00C04F79EFBC}") = "IdentityService", "IdentityService\IdentityService.csproj", "{8292A46C-EB83-4EFA-9CFF-CC4ACFF96003}"
EndProject
Global
	GlobalSection(SolutionConfigurationPlatforms) = preSolution
		Debug|Any CPU = Debug|Any CPU
		Debug|x64 = Debug|x64
		Debug|x86 = Debug|x86
		Release|Any CPU = Release|Any CPU
		Release|x64 = Release|x64
		Release|x86 = Release|x86
	EndGlobalSection
	GlobalSection(ProjectConfigurationPlatforms) = postSolution
		{E11EA8F8-9FCD-4A09-92CC-C67898522D50}.Debug|Any CPU.ActiveCfg = Debug|Any CPU
		{E11EA8F8-9FCD-4A09-92CC-C67898522D50}.Debug|Any CPU.Build.0 = Debug|Any CPU
		{E11EA8F8-9FCD-4A09-92CC-C67898522D50}.Debug|x64.ActiveCfg = Debug|Any CPU
		{E11EA8F8-9FCD-4A09-92CC-C67898522D50}.Debug|x64.Build.0 = Debug|Any CPU
		{E11EA8F8-9FCD-4A09-92CC-C67898522D50}.Debug|x86.ActiveCfg = Debug|Any CPU
		{E11EA8F8-9FCD-4A09-92CC-C67898522D50}.Debug|x86.Build.0 = Debug|Any CPU
		{E11EA8F8-9FCD-4A09-92CC-C67898522D50}.Release|Any CPU.ActiveCfg = Release|Any CPU
		{E11EA8F8-9FCD-4A09-92CC-C67898522D50}.Release|Any CPU.Build.0 = Release|Any CPU
		{E11EA8F8-9FCD-4A09-92CC-C67898522D50}.Release|x64.ActiveCfg = Release|Any CPU
		{E11EA8F8-9FCD-4A09-92CC-C67898522D50}.Release|x64.Build.0 = Release|Any CPU
		{E11EA8F8-9FCD-4A09-92CC-C67898522D50}.Release|x86.ActiveCfg = Release|Any CPU
		{E11EA8F8-9FCD-4A09-92CC-C67898522D50}.Release|x86.Build.0 = Release|Any CPU
		{75D4B2E4-B541-4BF7-995B-FCE2D3BE70B6}.Debug|Any CPU.ActiveCfg = Debug|Any CPU
		{75D4B2E4-B541-4BF7-995B-FCE2D3BE70B6}.Debug|Any CPU.Build.0 = Debug|Any CPU
		{75D4B2E4-B541-4BF7-995B-FCE2D3BE70B6}.Debug|x64.ActiveCfg = Debug|Any CPU
		{75D4B2E4-B541-4BF7-995B-FCE2D3BE70B6}.Debug|x64.Build.0 = Debug|Any CPU
		{75D4B2E4-B541-4BF7-995B-FCE2D3BE70B6}.Debug|x86.ActiveCfg = Debug|Any CPU
		{75D4B2E4-B541-4BF7-995B-FCE2D3BE70B6}.Debug|x86.Build.0 = Debug|Any CPU
		{75D4B2E4-B541-4BF7-995B-FCE2D3BE70B6}.Release|Any CPU.ActiveCfg = Release|Any CPU
		{75D4B2E4-B541-4BF7-995B-FCE2D3BE70B6}.Release|Any CPU.Build.0 = Release|Any CPU
		{75D4B2E4-B541-4BF7-995B-FCE2D3BE70B6}.Release|x64.ActiveCfg = Release|Any CPU
		{75D4B2E4-B541-4BF7-995B-FCE2D3BE70B6}.Release|x64.Build.0 = Release|Any CPU
		{75D4B2E4-B541-4BF7-995B-FCE2D3BE70B6}.Release|x86.ActiveCfg = Release|Any CPU
		{75D4B2E4-B541-4BF7-995B-FCE2D3BE70B6}.Release|x86.Build.0 = Release|Any CPU
		{06914810-085F-4373-9949-903C2F45C04F}.Debug|Any CPU.ActiveCfg = Debug|Any CPU
		{06914810-085F-4373-9949-903C2F45C04F}.Debug|Any CPU.Build.0 = Debug|Any CPU
		{06914810-085F-4373-9949-903C2F45C04F}.Debug|x64.ActiveCfg = Debug|Any CPU
		{06914810-085F-4373-9949-903C2F45C04F}.Debug|x64.Build.0 = Debug|Any CPU
		{06914810-085F-4373-9949-903C2F45C04F}.Debug|x86.ActiveCfg = Debug|Any CPU
		{06914810-085F-4373-9949-903C2F45C04F}.Debug|x86.Build.0 = Debug|Any CPU
		{06914810-085F-4373-9949-903C2F45C04F}.Release|Any CPU.ActiveCfg = Release|Any CPU
		{06914810-085F-4373-9949-903C2F45C04F}.Release|Any CPU.Build.0 = Release|Any CPU
		{06914810-085F-4373-9949-903C2F45C04F}.Release|x64.ActiveCfg = Release|Any CPU
		{06914810-085F-4373-9949-903C2F45C04F}.Release|x64.Build.0 = Release|Any CPU
		{06914810-085F-4373-9949-903C2F45C04F}.Release|x86.ActiveCfg = Release|Any CPU
		{06914810-085F-4373-9949-903C2F45C04F}.Release|x86.Build.0 = Release|Any CPU
		{8292A46C-EB83-4EFA-9CFF-CC4ACFF96003}.Debug|Any CPU.ActiveCfg = Debug|Any CPU
		{8292A46C-EB83-4EFA-9CFF-CC4ACFF96003}.Debug|Any CPU.Build.0 = Debug|Any CPU
		{8292A46C-EB83-4EFA-9CFF-CC4ACFF96003}.Debug|x64.ActiveCfg = Debug|Any CPU
		{8292A46C-EB83-4EFA-9CFF-CC4ACFF96003}.Debug|x64.Build.0 = Debug|Any CPU
		{8292A46C-EB83-4EFA-9CFF-CC4ACFF96003}.Debug|x86.ActiveCfg = Debug|Any CPU
		{8292A46C-EB83-4EFA-9CFF-CC4ACFF96003}.Debug|x86.Build.0 = Debug|Any CPU
		{8292A46C-EB83-4EFA-9CFF-CC4ACFF96003}.Release|Any CPU.ActiveCfg = Release|Any CPU
		{8292A46C-EB83-4EFA-9CFF-CC4ACFF96003}.Release|Any CPU.Build.0 = Release|Any CPU
		{8292A46C-EB83-4EFA-9CFF-CC4ACFF96003}.Release|x64.ActiveCfg = Release|Any CPU
		{8292A46C-EB83-4EFA-9CFF-CC4ACFF96003}.Release|x64.Build.0 = Release|Any CPU
		{8292A46C-EB83-4EFA-9CFF-CC4ACFF96003}.Release|x86.ActiveCfg = Release|Any CPU
		{8292A46C-EB83-4EFA-9CFF-CC4ACFF96003}.Release|x86.Build.0 = Release|Any CPU
	EndGlobalSection
	GlobalSection(SolutionProperties) = preSolution
		HideSolutionNode = FALSE
	EndGlobalSection
	GlobalSection(NestedProjects) = preSolution
		{E11EA8F8-9FCD-4A09-92CC-C67898522D50} = {9D6AFB7B-EEAF-4D2B-A638-D61A1AAB5A31}
		{75D4B2E4-B541-4BF7-995B-FCE2D3BE70B6} = {9D6AFB7B-EEAF-4D2B-A638-D61A1AAB5A31}
		{06914810-085F-4373-9949-903C2F45C04F} = {9D6AFB7B-EEAF-4D2B-A638-D61A1AAB5A31}
		{8292A46C-EB83-4EFA-9CFF-CC4ACFF96003} = {9D6AFB7B-EEAF-4D2B-A638-D61A1AAB5A31}
	EndGlobalSection
EndGlobal
